// !$*UTF8*$!
{
	archiveVersion = 1;
	classes = {
	};
	objectVersion = 55;
	objects = {

/* Begin PBXBuildFile section */
		E7A705ED28CAC4D90072A0DF /* Sample_Mac_OS_ProjectApp.swift in Sources */ = {isa = PBXBuildFile; fileRef = E7A705EC28CAC4D90072A0DF /* Sample_Mac_OS_ProjectApp.swift */; };
		E7A705EF28CAC4D90072A0DF /* ContentView.swift in Sources */ = {isa = PBXBuildFile; fileRef = E7A705EE28CAC4D90072A0DF /* ContentView.swift */; };
		E7A705F128CAC4DB0072A0DF /* Assets.xcassets in Resources */ = {isa = PBXBuildFile; fileRef = E7A705F028CAC4DB0072A0DF /* Assets.xcassets */; };
		E7A705F428CAC4DB0072A0DF /* Preview Assets.xcassets in Resources */ = {isa = PBXBuildFile; fileRef = E7A705F328CAC4DB0072A0DF /* Preview Assets.xcassets */; };
		E7A705FC28CAC57C0072A0DF /* TabBarView.swift in Sources */ = {isa = PBXBuildFile; fileRef = E7A705FB28CAC57C0072A0DF /* TabBarView.swift */; };
		E7A7060E28CAECC60072A0DF /* Oxygen-Regular.ttf in Resources */ = {isa = PBXBuildFile; fileRef = E7A7060028CAECC60072A0DF /* Oxygen-Regular.ttf */; };
		E7A7060F28CAECC60072A0DF /* WorkSans-Regular.otf in Resources */ = {isa = PBXBuildFile; fileRef = E7A7060128CAECC60072A0DF /* WorkSans-Regular.otf */; };
		E7A7061028CAECC60072A0DF /* RobotoSlab-Bold.ttf in Resources */ = {isa = PBXBuildFile; fileRef = E7A7060228CAECC60072A0DF /* RobotoSlab-Bold.ttf */; };
		E7A7061128CAECC60072A0DF /* NunitoSans-Regular.ttf in Resources */ = {isa = PBXBuildFile; fileRef = E7A7060328CAECC60072A0DF /* NunitoSans-Regular.ttf */; };
		E7A7061228CAECC60072A0DF /* WorkSans-Bold.otf in Resources */ = {isa = PBXBuildFile; fileRef = E7A7060428CAECC60072A0DF /* WorkSans-Bold.otf */; };
		E7A7061328CAECC60072A0DF /* MavenPro-Regular.ttf in Resources */ = {isa = PBXBuildFile; fileRef = E7A7060528CAECC60072A0DF /* MavenPro-Regular.ttf */; };
		E7A7061428CAECC60072A0DF /* RobotoSlab-Light.ttf in Resources */ = {isa = PBXBuildFile; fileRef = E7A7060628CAECC60072A0DF /* RobotoSlab-Light.ttf */; };
		E7A7061528CAECC60072A0DF /* WorkSans-Black.otf in Resources */ = {isa = PBXBuildFile; fileRef = E7A7060728CAECC60072A0DF /* WorkSans-Black.otf */; };
		E7A7061628CAECC60072A0DF /* OpenSans-Bold.ttf in Resources */ = {isa = PBXBuildFile; fileRef = E7A7060828CAECC60072A0DF /* OpenSans-Bold.ttf */; };
		E7A7061728CAECC60072A0DF /* MavenPro-Medium.ttf in Resources */ = {isa = PBXBuildFile; fileRef = E7A7060928CAECC60072A0DF /* MavenPro-Medium.ttf */; };
		E7A7061828CAECC60072A0DF /* NunitoSans-Bold.ttf in Resources */ = {isa = PBXBuildFile; fileRef = E7A7060A28CAECC60072A0DF /* NunitoSans-Bold.ttf */; };
		E7A7061928CAECC60072A0DF /* OpenSans-Regular.ttf in Resources */ = {isa = PBXBuildFile; fileRef = E7A7060B28CAECC60072A0DF /* OpenSans-Regular.ttf */; };
		E7A7061A28CAECC60072A0DF /* MavenPro-Bold.ttf in Resources */ = {isa = PBXBuildFile; fileRef = E7A7060C28CAECC60072A0DF /* MavenPro-Bold.ttf */; };
		E7A7061B28CAECC60072A0DF /* Oxygen-Bold.ttf in Resources */ = {isa = PBXBuildFile; fileRef = E7A7060D28CAECC60072A0DF /* Oxygen-Bold.ttf */; };
/* End PBXBuildFile section */

/* Begin PBXFileReference section */
		E7A705E928CAC4D90072A0DF /* Sample Mac OS Project.app */ = {isa = PBXFileReference; explicitFileType = wrapper.application; includeInIndex = 0; path = "Sample Mac OS Project.app"; sourceTree = BUILT_PRODUCTS_DIR; };
		E7A705EC28CAC4D90072A0DF /* Sample_Mac_OS_ProjectApp.swift */ = {isa = PBXFileReference; lastKnownFileType = sourcecode.swift; path = Sample_Mac_OS_ProjectApp.swift; sourceTree = "<group>"; };
		E7A705EE28CAC4D90072A0DF /* ContentView.swift */ = {isa = PBXFileReference; lastKnownFileType = sourcecode.swift; path = ContentView.swift; sourceTree = "<group>"; };
		E7A705F028CAC4DB0072A0DF /* Assets.xcassets */ = {isa = PBXFileReference; lastKnownFileType = folder.assetcatalog; path = Assets.xcassets; sourceTree = "<group>"; };
		E7A705F328CAC4DB0072A0DF /* Preview Assets.xcassets */ = {isa = PBXFileReference; lastKnownFileType = folder.assetcatalog; path = "Preview Assets.xcassets"; sourceTree = "<group>"; };
		E7A705F528CAC4DB0072A0DF /* Sample_Mac_OS_Project.entitlements */ = {isa = PBXFileReference; lastKnownFileType = text.plist.entitlements; path = Sample_Mac_OS_Project.entitlements; sourceTree = "<group>"; };
		E7A705FB28CAC57C0072A0DF /* TabBarView.swift */ = {isa = PBXFileReference; lastKnownFileType = sourcecode.swift; path = TabBarView.swift; sourceTree = "<group>"; };
		E7A7060028CAECC60072A0DF /* Oxygen-Regular.ttf */ = {isa = PBXFileReference; lastKnownFileType = file; path = "Oxygen-Regular.ttf"; sourceTree = "<group>"; };
		E7A7060128CAECC60072A0DF /* WorkSans-Regular.otf */ = {isa = PBXFileReference; lastKnownFileType = file; path = "WorkSans-Regular.otf"; sourceTree = "<group>"; };
		E7A7060228CAECC60072A0DF /* RobotoSlab-Bold.ttf */ = {isa = PBXFileReference; lastKnownFileType = file; path = "RobotoSlab-Bold.ttf"; sourceTree = "<group>"; };
		E7A7060328CAECC60072A0DF /* NunitoSans-Regular.ttf */ = {isa = PBXFileReference; lastKnownFileType = file; path = "NunitoSans-Regular.ttf"; sourceTree = "<group>"; };
		E7A7060428CAECC60072A0DF /* WorkSans-Bold.otf */ = {isa = PBXFileReference; lastKnownFileType = file; path = "WorkSans-Bold.otf"; sourceTree = "<group>"; };
		E7A7060528CAECC60072A0DF /* MavenPro-Regular.ttf */ = {isa = PBXFileReference; lastKnownFileType = file; path = "MavenPro-Regular.ttf"; sourceTree = "<group>"; };
		E7A7060628CAECC60072A0DF /* RobotoSlab-Light.ttf */ = {isa = PBXFileReference; lastKnownFileType = file; path = "RobotoSlab-Light.ttf"; sourceTree = "<group>"; };
		E7A7060728CAECC60072A0DF /* WorkSans-Black.otf */ = {isa = PBXFileReference; lastKnownFileType = file; path = "WorkSans-Black.otf"; sourceTree = "<group>"; };
		E7A7060828CAECC60072A0DF /* OpenSans-Bold.ttf */ = {isa = PBXFileReference; lastKnownFileType = file; path = "OpenSans-Bold.ttf"; sourceTree = "<group>"; };
		E7A7060928CAECC60072A0DF /* MavenPro-Medium.ttf */ = {isa = PBXFileReference; lastKnownFileType = file; path = "MavenPro-Medium.ttf"; sourceTree = "<group>"; };
		E7A7060A28CAECC60072A0DF /* NunitoSans-Bold.ttf */ = {isa = PBXFileReference; lastKnownFileType = file; path = "NunitoSans-Bold.ttf"; sourceTree = "<group>"; };
		E7A7060B28CAECC60072A0DF /* OpenSans-Regular.ttf */ = {isa = PBXFileReference; lastKnownFileType = file; path = "OpenSans-Regular.ttf"; sourceTree = "<group>"; };
		E7A7060C28CAECC60072A0DF /* MavenPro-Bold.ttf */ = {isa = PBXFileReference; lastKnownFileType = file; path = "MavenPro-Bold.ttf"; sourceTree = "<group>"; };
		E7A7060D28CAECC60072A0DF /* Oxygen-Bold.ttf */ = {isa = PBXFileReference; lastKnownFileType = file; path = "Oxygen-Bold.ttf"; sourceTree = "<group>"; };
		E7A7061C28CAED1B0072A0DF /* Sample-Mac-OS-Project-Info.plist */ = {isa = PBXFileReference; lastKnownFileType = text.plist; path = "Sample-Mac-OS-Project-Info.plist"; sourceTree = SOURCE_ROOT; };
/* End PBXFileReference section */

/* Begin PBXFrameworksBuildPhase section */
		E7A705E628CAC4D90072A0DF /* Frameworks */ = {
			isa = PBXFrameworksBuildPhase;
			buildActionMask = 2147483647;
			files = (
			);
			runOnlyForDeploymentPostprocessing = 0;
		};
/* End PBXFrameworksBuildPhase section */

/* Begin PBXGroup section */
		E7A705E028CAC4D90072A0DF = {
			isa = PBXGroup;
			children = (
				E7A705EB28CAC4D90072A0DF /* Sample Mac OS Project */,
				E7A705EA28CAC4D90072A0DF /* Products */,
			);
			sourceTree = "<group>";
		};
		E7A705EA28CAC4D90072A0DF /* Products */ = {
			isa = PBXGroup;
			children = (
				E7A705E928CAC4D90072A0DF /* Sample Mac OS Project.app */,
			);
			name = Products;
			sourceTree = "<group>";
		};
		E7A705EB28CAC4D90072A0DF /* Sample Mac OS Project */ = {
			isa = PBXGroup;
			children = (
				E7A7061C28CAED1B0072A0DF /* Sample-Mac-OS-Project-Info.plist */,
				E7A705EC28CAC4D90072A0DF /* Sample_Mac_OS_ProjectApp.swift */,
				E7A705EE28CAC4D90072A0DF /* ContentView.swift */,
				E7A705FB28CAC57C0072A0DF /* TabBarView.swift */,
				E7A705FF28CAECC60072A0DF /* Fonts */,
				E7A705F028CAC4DB0072A0DF /* Assets.xcassets */,
				E7A705F528CAC4DB0072A0DF /* Sample_Mac_OS_Project.entitlements */,
				E7A705F228CAC4DB0072A0DF /* Preview Content */,
			);
			path = "Sample Mac OS Project";
			sourceTree = "<group>";
		};
		E7A705F228CAC4DB0072A0DF /* Preview Content */ = {
			isa = PBXGroup;
			children = (
				E7A705F328CAC4DB0072A0DF /* Preview Assets.xcassets */,
			);
			path = "Preview Content";
			sourceTree = "<group>";
		};
		E7A705FF28CAECC60072A0DF /* Fonts */ = {
			isa = PBXGroup;
			children = (
				E7A7060028CAECC60072A0DF /* Oxygen-Regular.ttf */,
				E7A7060128CAECC60072A0DF /* WorkSans-Regular.otf */,
				E7A7060228CAECC60072A0DF /* RobotoSlab-Bold.ttf */,
				E7A7060328CAECC60072A0DF /* NunitoSans-Regular.ttf */,
				E7A7060428CAECC60072A0DF /* WorkSans-Bold.otf */,
				E7A7060528CAECC60072A0DF /* MavenPro-Regular.ttf */,
				E7A7060628CAECC60072A0DF /* RobotoSlab-Light.ttf */,
				E7A7060728CAECC60072A0DF /* WorkSans-Black.otf */,
				E7A7060828CAECC60072A0DF /* OpenSans-Bold.ttf */,
				E7A7060928CAECC60072A0DF /* MavenPro-Medium.ttf */,
				E7A7060A28CAECC60072A0DF /* NunitoSans-Bold.ttf */,
				E7A7060B28CAECC60072A0DF /* OpenSans-Regular.ttf */,
				E7A7060C28CAECC60072A0DF /* MavenPro-Bold.ttf */,
				E7A7060D28CAECC60072A0DF /* Oxygen-Bold.ttf */,
			);
			path = Fonts;
			sourceTree = "<group>";
		};
/* End PBXGroup section */

/* Begin PBXNativeTarget section */
		E7A705E828CAC4D90072A0DF /* Sample Mac OS Project */ = {
			isa = PBXNativeTarget;
			buildConfigurationList = E7A705F828CAC4DB0072A0DF /* Build configuration list for PBXNativeTarget "Sample Mac OS Project" */;
			buildPhases = (
				E7A705E528CAC4D90072A0DF /* Sources */,
				E7A705E628CAC4D90072A0DF /* Frameworks */,
				E7A705E728CAC4D90072A0DF /* Resources */,
			);
			buildRules = (
			);
			dependencies = (
			);
			name = "Sample Mac OS Project";
			productName = "Sample Mac OS Project";
			productReference = E7A705E928CAC4D90072A0DF /* Sample Mac OS Project.app */;
			productType = "com.apple.product-type.application";
		};
/* End PBXNativeTarget section */

/* Begin PBXProject section */
		E7A705E128CAC4D90072A0DF /* Project object */ = {
			isa = PBXProject;
			attributes = {
				BuildIndependentTargetsInParallel = 1;
				LastSwiftUpdateCheck = 1340;
				LastUpgradeCheck = 1340;
				TargetAttributes = {
					E7A705E828CAC4D90072A0DF = {
						CreatedOnToolsVersion = 13.4.1;
					};
				};
			};
			buildConfigurationList = E7A705E428CAC4D90072A0DF /* Build configuration list for PBXProject "Sample Mac OS Project" */;
			compatibilityVersion = "Xcode 13.0";
			developmentRegion = en;
			hasScannedForEncodings = 0;
			knownRegions = (
				en,
				Base,
			);
			mainGroup = E7A705E028CAC4D90072A0DF;
			productRefGroup = E7A705EA28CAC4D90072A0DF /* Products */;
			projectDirPath = "";
			projectRoot = "";
			targets = (
				E7A705E828CAC4D90072A0DF /* Sample Mac OS Project */,
			);
		};
/* End PBXProject section */

/* Begin PBXResourcesBuildPhase section */
		E7A705E728CAC4D90072A0DF /* Resources */ = {
			isa = PBXResourcesBuildPhase;
			buildActionMask = 2147483647;
			files = (
				E7A7061628CAECC60072A0DF /* OpenSans-Bold.ttf in Resources */,
				E7A7060E28CAECC60072A0DF /* Oxygen-Regular.ttf in Resources */,
				E7A7061128CAECC60072A0DF /* NunitoSans-Regular.ttf in Resources */,
				E7A7061B28CAECC60072A0DF /* Oxygen-Bold.ttf in Resources */,
				E7A7061A28CAECC60072A0DF /* MavenPro-Bold.ttf in Resources */,
				E7A7061828CAECC60072A0DF /* NunitoSans-Bold.ttf in Resources */,
				E7A7061028CAECC60072A0DF /* RobotoSlab-Bold.ttf in Resources */,
				E7A705F428CAC4DB0072A0DF /* Preview Assets.xcassets in Resources */,
				E7A7061728CAECC60072A0DF /* MavenPro-Medium.ttf in Resources */,
				E7A7061228CAECC60072A0DF /* WorkSans-Bold.otf in Resources */,
				E7A7061428CAECC60072A0DF /* RobotoSlab-Light.ttf in Resources */,
				E7A7060F28CAECC60072A0DF /* WorkSans-Regular.otf in Resources */,
				E7A7061928CAECC60072A0DF /* OpenSans-Regular.ttf in Resources */,
				E7A705F128CAC4DB0072A0DF /* Assets.xcassets in Resources */,
				E7A7061328CAECC60072A0DF /* MavenPro-Regular.ttf in Resources */,
				E7A7061528CAECC60072A0DF /* WorkSans-Black.otf in Resources */,
			);
			runOnlyForDeploymentPostprocessing = 0;
		};
/* End PBXResourcesBuildPhase section */

/* Begin PBXSourcesBuildPhase section */
		E7A705E528CAC4D90072A0DF /* Sources */ = {
			isa = PBXSourcesBuildPhase;
			buildActionMask = 2147483647;
			files = (
				E7A705EF28CAC4D90072A0DF /* ContentView.swift in Sources */,
				E7A705FC28CAC57C0072A0DF /* TabBarView.swift in Sources */,
				E7A705ED28CAC4D90072A0DF /* Sample_Mac_OS_ProjectApp.swift in Sources */,
			);
			runOnlyForDeploymentPostprocessing = 0;
		};
/* End PBXSourcesBuildPhase section */

/* Begin XCBuildConfiguration section */
		E7A705F628CAC4DB0072A0DF /* Debug */ = {
			isa = XCBuildConfiguration;
			buildSettings = {
				ALWAYS_SEARCH_USER_PATHS = NO;
				CLANG_ANALYZER_NONNULL = YES;
				CLANG_ANALYZER_NUMBER_OBJECT_CONVERSION = YES_AGGRESSIVE;
				CLANG_CXX_LANGUAGE_STANDARD = "gnu++17";
				CLANG_ENABLE_MODULES = YES;
				CLANG_ENABLE_OBJC_ARC = YES;
				CLANG_ENABLE_OBJC_WEAK = YES;
				CLANG_WARN_BLOCK_CAPTURE_AUTORELEASING = YES;
				CLANG_WARN_BOOL_CONVERSION = YES;
				CLANG_WARN_COMMA = YES;
				CLANG_WARN_CONSTANT_CONVERSION = YES;
				CLANG_WARN_DEPRECATED_OBJC_IMPLEMENTATIONS = YES;
				CLANG_WARN_DIRECT_OBJC_ISA_USAGE = YES_ERROR;
				CLANG_WARN_DOCUMENTATION_COMMENTS = YES;
				CLANG_WARN_EMPTY_BODY = YES;
				CLANG_WARN_ENUM_CONVERSION = YES;
				CLANG_WARN_INFINITE_RECURSION = YES;
				CLANG_WARN_INT_CONVERSION = YES;
				CLANG_WARN_NON_LITERAL_NULL_CONVERSION = YES;
				CLANG_WARN_OBJC_IMPLICIT_RETAIN_SELF = YES;
				CLANG_WARN_OBJC_LITERAL_CONVERSION = YES;
				CLANG_WARN_OBJC_ROOT_CLASS = YES_ERROR;
				CLANG_WARN_QUOTED_INCLUDE_IN_FRAMEWORK_HEADER = YES;
				CLANG_WARN_RANGE_LOOP_ANALYSIS = YES;
				CLANG_WARN_STRICT_PROTOTYPES = YES;
				CLANG_WARN_SUSPICIOUS_MOVE = YES;
				CLANG_WARN_UNGUARDED_AVAILABILITY = YES_AGGRESSIVE;
				CLANG_WARN_UNREACHABLE_CODE = YES;
				CLANG_WARN__DUPLICATE_METHOD_MATCH = YES;
				COPY_PHASE_STRIP = NO;
				DEBUG_INFORMATION_FORMAT = dwarf;
				ENABLE_STRICT_OBJC_MSGSEND = YES;
				ENABLE_TESTABILITY = YES;
				GCC_C_LANGUAGE_STANDARD = gnu11;
				GCC_DYNAMIC_NO_PIC = NO;
				GCC_NO_COMMON_BLOCKS = YES;
				GCC_OPTIMIZATION_LEVEL = 0;
				GCC_PREPROCESSOR_DEFINITIONS = (
					"DEBUG=1",
					"$(inherited)",
				);
				GCC_WARN_64_TO_32_BIT_CONVERSION = YES;
				GCC_WARN_ABOUT_RETURN_TYPE = YES_ERROR;
				GCC_WARN_UNDECLARED_SELECTOR = YES;
				GCC_WARN_UNINITIALIZED_AUTOS = YES_AGGRESSIVE;
				GCC_WARN_UNUSED_FUNCTION = YES;
				GCC_WARN_UNUSED_VARIABLE = YES;
				MACOSX_DEPLOYMENT_TARGET = 12.3;
				MTL_ENABLE_DEBUG_INFO = INCLUDE_SOURCE;
				MTL_FAST_MATH = YES;
				ONLY_ACTIVE_ARCH = YES;
				SDKROOT = macosx;
				SWIFT_ACTIVE_COMPILATION_CONDITIONS = DEBUG;
				SWIFT_OPTIMIZATION_LEVEL = "-Onone";
			};
			name = Debug;
		};
		E7A705F728CAC4DB0072A0DF /* Release */ = {
			isa = XCBuildConfiguration;
			buildSettings = {
				ALWAYS_SEARCH_USER_PATHS = NO;
				CLANG_ANALYZER_NONNULL = YES;
				CLANG_ANALYZER_NUMBER_OBJECT_CONVERSION = YES_AGGRESSIVE;
				CLANG_CXX_LANGUAGE_STANDARD = "gnu++17";
				CLANG_ENABLE_MODULES = YES;
				CLANG_ENABLE_OBJC_ARC = YES;
				CLANG_ENABLE_OBJC_WEAK = YES;
				CLANG_WARN_BLOCK_CAPTURE_AUTORELEASING = YES;
				CLANG_WARN_BOOL_CONVERSION = YES;
				CLANG_WARN_COMMA = YES;
				CLANG_WARN_CONSTANT_CONVERSION = YES;
				CLANG_WARN_DEPRECATED_OBJC_IMPLEMENTATIONS = YES;
				CLANG_WARN_DIRECT_OBJC_ISA_USAGE = YES_ERROR;
				CLANG_WARN_DOCUMENTATION_COMMENTS = YES;
				CLANG_WARN_EMPTY_BODY = YES;
				CLANG_WARN_ENUM_CONVERSION = YES;
				CLANG_WARN_INFINITE_RECURSION = YES;
				CLANG_WARN_INT_CONVERSION = YES;
				CLANG_WARN_NON_LITERAL_NULL_CONVERSION = YES;
				CLANG_WARN_OBJC_IMPLICIT_RETAIN_SELF = YES;
				CLANG_WARN_OBJC_LITERAL_CONVERSION = YES;
				CLANG_WARN_OBJC_ROOT_CLASS = YES_ERROR;
				CLANG_WARN_QUOTED_INCLUDE_IN_FRAMEWORK_HEADER = YES;
				CLANG_WARN_RANGE_LOOP_ANALYSIS = YES;
				CLANG_WARN_STRICT_PROTOTYPES = YES;
				CLANG_WARN_SUSPICIOUS_MOVE = YES;
				CLANG_WARN_UNGUARDED_AVAILABILITY = YES_AGGRESSIVE;
				CLANG_WARN_UNREACHABLE_CODE = YES;
				CLANG_WARN__DUPLICATE_METHOD_MATCH = YES;
				COPY_PHASE_STRIP = NO;
				DEBUG_INFORMATION_FORMAT = "dwarf-with-dsym";
				ENABLE_NS_ASSERTIONS = NO;
				ENABLE_STRICT_OBJC_MSGSEND = YES;
				GCC_C_LANGUAGE_STANDARD = gnu11;
				GCC_NO_COMMON_BLOCKS = YES;
				GCC_WARN_64_TO_32_BIT_CONVERSION = YES;
				GCC_WARN_ABOUT_RETURN_TYPE = YES_ERROR;
				GCC_WARN_UNDECLARED_SELECTOR = YES;
				GCC_WARN_UNINITIALIZED_AUTOS = YES_AGGRESSIVE;
				GCC_WARN_UNUSED_FUNCTION = YES;
				GCC_WARN_UNUSED_VARIABLE = YES;
				MACOSX_DEPLOYMENT_TARGET = 12.3;
				MTL_ENABLE_DEBUG_INFO = NO;
				MTL_FAST_MATH = YES;
				SDKROOT = macosx;
				SWIFT_COMPILATION_MODE = wholemodule;
				SWIFT_OPTIMIZATION_LEVEL = "-O";
			};
			name = Release;
		};
		E7A705F928CAC4DB0072A0DF /* Debug */ = {
			isa = XCBuildConfiguration;
			buildSettings = {
				ASSETCATALOG_COMPILER_APPICON_NAME = AppIcon;
				ASSETCATALOG_COMPILER_GLOBAL_ACCENT_COLOR_NAME = AccentColor;
				CODE_SIGN_ENTITLEMENTS = "Sample Mac OS Project/Sample_Mac_OS_Project.entitlements";
				CODE_SIGN_STYLE = Automatic;
				COMBINE_HIDPI_IMAGES = YES;
				CURRENT_PROJECT_VERSION = 1;
				DEVELOPMENT_ASSET_PATHS = "\"Sample Mac OS Project/Preview Content\"";
				ENABLE_PREVIEWS = YES;
				GENERATE_INFOPLIST_FILE = YES;
				INFOPLIST_FILE = "Sample-Mac-OS-Project-Info.plist";
				INFOPLIST_KEY_NSHumanReadableCopyright = "";
				LD_RUNPATH_SEARCH_PATHS = (
					"$(inherited)",
					"@executable_path/../Frameworks",
				);
				MARKETING_VERSION = 1.0;
				PRODUCT_BUNDLE_IDENTIFIER = "smp.Sample-Mac-OS-Project";
				PRODUCT_NAME = "$(TARGET_NAME)";
				SWIFT_EMIT_LOC_STRINGS = YES;
				SWIFT_VERSION = 5.0;
			};
			name = Debug;
		};
		E7A705FA28CAC4DB0072A0DF /* Release */ = {
			isa = XCBuildConfiguration;
			buildSettings = {
				ASSETCATALOG_COMPILER_APPICON_NAME = AppIcon;
				ASSETCATALOG_COMPILER_GLOBAL_ACCENT_COLOR_NAME = AccentColor;
				CODE_SIGN_ENTITLEMENTS = "Sample Mac OS Project/Sample_Mac_OS_Project.entitlements";
				CODE_SIGN_STYLE = Automatic;
				COMBINE_HIDPI_IMAGES = YES;
				CURRENT_PROJECT_VERSION = 1;
				DEVELOPMENT_ASSET_PATHS = "\"Sample Mac OS Project/Preview Content\"";
				ENABLE_PREVIEWS = YES;
				GENERATE_INFOPLIST_FILE = YES;
				INFOPLIST_FILE = "Sample-Mac-OS-Project-Info.plist";
				INFOPLIST_KEY_NSHumanReadableCopyright = "";
				LD_RUNPATH_SEARCH_PATHS = (
					"$(inherited)",
					"@executable_path/../Frameworks",
				);
				MARKETING_VERSION = 1.0;
				PRODUCT_BUNDLE_IDENTIFIER = "smp.Sample-Mac-OS-Project";
				PRODUCT_NAME = "$(TARGET_NAME)";
				SWIFT_EMIT_LOC_STRINGS = YES;
				SWIFT_VERSION = 5.0;
			};
			name = Release;
		};
/* End XCBuildConfiguration section */

/* Begin XCConfigurationList section */
		E7A705E428CAC4D90072A0DF /* Build configuration list for PBXProject "Sample Mac OS Project" */ = {
			isa = XCConfigurationList;
			buildConfigurations = (
				E7A705F628CAC4DB0072A0DF /* Debug */,
				E7A705F728CAC4DB0072A0DF /* Release */,
			);
			defaultConfigurationIsVisible = 0;
			defaultConfigurationName = Release;
		};
		E7A705F828CAC4DB0072A0DF /* Build configuration list for PBXNativeTarget "Sample Mac OS Project" */ = {
			isa = XCConfigurationList;
			buildConfigurations = (
				E7A705F928CAC4DB0072A0DF /* Debug */,
				E7A705FA28CAC4DB0072A0DF /* Release */,
			);
			defaultConfigurationIsVisible = 0;
			defaultConfigurationName = Release;
		};
/* End XCConfigurationList section */
	};
	rootObject = E7A705E128CAC4D90072A0DF /* Project object */;
}
